
Microsoft Visual Studio Solution File, Format Version 12.00
# Visual Studio Version 18
VisualStudioVersion = 18.2.11415.280 d18.0
MinimumVisualStudioVersion = 10.0.40219.1
Project("{FAE04EC0-301F-11D3-BF4B-00C04F79EFBC}") = "ERP CONTROLADORIA", "ERP FISCAL\ERP CONTROLADORIA.csproj", "{D968ACB0-077F-4494-80EA-8A7EAA76DD37}"
EndProject
Project("{2150E333-8FDC-42A3-9474-1A3956D46DE8}") = "Itens de Solução", "Itens de Solução", "{380A7511-A354-6D7A-0CC0-8FA1F1BA7B6C}"
	ProjectSection(SolutionItems) = preProject
		\\192.168.30.56\gs300gp\icon-new.ico = \\192.168.30.56\gs300gp\icon-new.ico
	EndProjectSection
EndProject
Project("{FAE04EC0-301F-11D3-BF4B-00C04F79EFBC}") = "SolfarmaGp.Repositorios", "SolfarmaGp.Repositorios\SolfarmaGp.Repositorios.csproj", "{25597C46-9E90-D328-E10B-DB319A4DA8D2}"
EndProject
Project("{FAE04EC0-301F-11D3-BF4B-00C04F79EFBC}") = "SolfarmaGp.Infraestrutura", "SolfarmaGp.Infraestrutura\SolfarmaGp.Infraestrutura.csproj", "{BC8C1C48-589F-805A-3456-74C9DA0D6E1C}"
EndProject
Project("{FAE04EC0-301F-11D3-BF4B-00C04F79EFBC}") = "SolfarmaGp.Controllers", "SolfarmaGp.Controllers\SolfarmaGp.Controllers.csproj", "{4FBEF6C6-9D0E-7B63-1632-2B378FFF53A1}"
EndProject
Project("{FAE04EC0-301F-11D3-BF4B-00C04F79EFBC}") = "SolfarmaGP.Domain", "SolfarmaGP.Comunicacao\SolfarmaGP.Domain.csproj", "{B4EFE086-2D75-FC35-355D-71CA998DEB32}"
EndProject
Project("{FAE04EC0-301F-11D3-BF4B-00C04F79EFBC}") = "SolfarmaGp.UI", "SolfarmaGp.UI\SolfarmaGp.UI.csproj", "{C24B2C17-BBC9-4F73-807D-8DE54E0C4883}"
EndProject
Global
	GlobalSection(SolutionConfigurationPlatforms) = preSolution
		Debug|Any CPU = Debug|Any CPU
		Release|Any CPU = Release|Any CPU
	EndGlobalSection
	GlobalSection(ProjectConfigurationPlatforms) = postSolution
		{D968ACB0-077F-4494-80EA-8A7EAA76DD37}.Debug|Any CPU.ActiveCfg = Debug|Any CPU
		{D968ACB0-077F-4494-80EA-8A7EAA76DD37}.Debug|Any CPU.Build.0 = Debug|Any CPU
		{D968ACB0-077F-4494-80EA-8A7EAA76DD37}.Release|Any CPU.ActiveCfg = Release|Any CPU
		{D968ACB0-077F-4494-80EA-8A7EAA76DD37}.Release|Any CPU.Build.0 = Release|Any CPU
		{25597C46-9E90-D328-E10B-DB319A4DA8D2}.Debug|Any CPU.ActiveCfg = Debug|Any CPU
		{25597C46-9E90-D328-E10B-DB319A4DA8D2}.Debug|Any CPU.Build.0 = Debug|Any CPU
		{25597C46-9E90-D328-E10B-DB319A4DA8D2}.Release|Any CPU.ActiveCfg = Release|Any CPU
		{25597C46-9E90-D328-E10B-DB319A4DA8D2}.Release|Any CPU.Build.0 = Release|Any CPU
		{BC8C1C48-589F-805A-3456-74C9DA0D6E1C}.Debug|Any CPU.ActiveCfg = Debug|Any CPU
		{BC8C1C48-589F-805A-3456-74C9DA0D6E1C}.Debug|Any CPU.Build.0 = Debug|Any CPU
		{BC8C1C48-589F-805A-3456-74C9DA0D6E1C}.Release|Any CPU.ActiveCfg = Release|Any CPU
		{BC8C1C48-589F-805A-3456-74C9DA0D6E1C}.Release|Any CPU.Build.0 = Release|Any CPU
		{4FBEF6C6-9D0E-7B63-1632-2B378FFF53A1}.Debug|Any CPU.ActiveCfg = Debug|Any CPU
		{4FBEF6C6-9D0E-7B63-1632-2B378FFF53A1}.Debug|Any CPU.Build.0 = Debug|Any CPU
		{4FBEF6C6-9D0E-7B63-1632-2B378FFF53A1}.Release|Any CPU.ActiveCfg = Release|Any CPU
		{4FBEF6C6-9D0E-7B63-1632-2B378FFF53A1}.Release|Any CPU.Build.0 = Release|Any CPU
		{B4EFE086-2D75-FC35-355D-71CA998DEB32}.Debug|Any CPU.ActiveCfg = Debug|Any CPU
		{B4EFE086-2D75-FC35-355D-71CA998DEB32}.Debug|Any CPU.Build.0 = Debug|Any CPU
		{B4EFE086-2D75-FC35-355D-71CA998DEB32}.Release|Any CPU.ActiveCfg = Release|Any CPU
		{B4EFE086-2D75-FC35-355D-71CA998DEB32}.Release|Any CPU.Build.0 = Release|Any CPU
		{C24B2C17-BBC9-4F73-807D-8DE54E0C4883}.Debug|Any CPU.ActiveCfg = Debug|Any CPU
		{C24B2C17-BBC9-4F73-807D-8DE54E0C4883}.Debug|Any CPU.Build.0 = Debug|Any CPU
		{C24B2C17-BBC9-4F73-807D-8DE54E0C4883}.Release|Any CPU.ActiveCfg = Release|Any CPU
		{C24B2C17-BBC9-4F73-807D-8DE54E0C4883}.Release|Any CPU.Build.0 = Release|Any CPU
	EndGlobalSection
	GlobalSection(SolutionProperties) = preSolution
		HideSolutionNode = FALSE
	EndGlobalSection
	GlobalSection(ExtensibilityGlobals) = postSolution
		SolutionGuid = {CFD6D29E-BBF0-4BE3-97B7-8A9E16682084}
	EndGlobalSection
EndGlobal
