
Microsoft Visual Studio Solution File, Format Version 12.00
# Visual Studio Version 17
VisualStudioVersion = 17.9.34728.123
MinimumVisualStudioVersion = 10.0.40219.1
Project("{FAE04EC0-301F-11D3-BF4B-00C04F79EFBC}") = "ERP CONTROLADORIA", "ERP FISCAL\ERP CONTROLADORIA.csproj", "{D968ACB0-077F-4494-80EA-8A7EAA76DD37}"
EndProject
Project("{2150E333-8FDC-42A3-9474-1A3956D46DE8}") = "Itens de Solução", "Itens de Solução", "{380A7511-A354-6D7A-0CC0-8FA1F1BA7B6C}"
	ProjectSection(SolutionItems) = preProject
		\\192.168.30.56\gs300gp\icon-new.ico = \\192.168.30.56\gs300gp\icon-new.ico
	EndProjectSection
EndProject
Project("{54A90642-561A-4BB1-A94E-469ADEE60C69}") = "IntegracaoApiNodeBling", "IntegracaoApiNodeBling\IntegracaoApiNodeBling.esproj", "{A808FCEB-91C7-4278-ABC8-3F9A2A9C16A5}"
EndProject
Global
	GlobalSection(SolutionConfigurationPlatforms) = preSolution
		Debug|Any CPU = Debug|Any CPU
		Release|Any CPU = Release|Any CPU
	EndGlobalSection
	GlobalSection(ProjectConfigurationPlatforms) = postSolution
		{D968ACB0-077F-4494-80EA-8A7EAA76DD37}.Debug|Any CPU.ActiveCfg = Debug|Any CPU
		{D968ACB0-077F-4494-80EA-8A7EAA76DD37}.Debug|Any CPU.Build.0 = Debug|Any CPU
		{D968ACB0-077F-4494-80EA-8A7EAA76DD37}.Release|Any CPU.ActiveCfg = Release|Any CPU
		{D968ACB0-077F-4494-80EA-8A7EAA76DD37}.Release|Any CPU.Build.0 = Release|Any CPU
		{A808FCEB-91C7-4278-ABC8-3F9A2A9C16A5}.Debug|Any CPU.ActiveCfg = Debug|Any CPU
		{A808FCEB-91C7-4278-ABC8-3F9A2A9C16A5}.Debug|Any CPU.Build.0 = Debug|Any CPU
		{A808FCEB-91C7-4278-ABC8-3F9A2A9C16A5}.Debug|Any CPU.Deploy.0 = Debug|Any CPU
		{A808FCEB-91C7-4278-ABC8-3F9A2A9C16A5}.Release|Any CPU.ActiveCfg = Release|Any CPU
		{A808FCEB-91C7-4278-ABC8-3F9A2A9C16A5}.Release|Any CPU.Build.0 = Release|Any CPU
		{A808FCEB-91C7-4278-ABC8-3F9A2A9C16A5}.Release|Any CPU.Deploy.0 = Release|Any CPU
	EndGlobalSection
	GlobalSection(SolutionProperties) = preSolution
		HideSolutionNode = FALSE
	EndGlobalSection
	GlobalSection(ExtensibilityGlobals) = postSolution
		SolutionGuid = {CFD6D29E-BBF0-4BE3-97B7-8A9E16682084}
	EndGlobalSection
EndGlobal
